Microsoft Visual Studio Solution File, Format Version 12.00
# Visual Studio Version 17
VisualStudioVersion = 17.10.35027.167
MinimumVisualStudioVersion = 10.0.40219.1
Project("{FAE04EC0-301F-11D3-BF4B-00C04F79EFBC}") = "EmphatyWave.AppHost", "EmphatyWave.AppHost\EmphatyWave.AppHost.csproj", "{30745526-0382-4874-A941-355A276772AD}"
EndProject
Project("{9A19103F-16F7-4668-BE54-9A1E7A4F7556}") = "EmphatyWave.ServiceDefaults", "EmphatyWave.ServiceDefaults\EmphatyWave.ServiceDefaults.csproj", "{63486D4A-8AE8-4502-AE92-A7D4F8FEA822}"
EndProject
Project("{9A19103F-16F7-4668-BE54-9A1E7A4F7556}") = "EmphatyWave.ApiService", "EmphatyWave.ApiService\EmphatyWave.ApiService.csproj", "{15387A16-1A7A-4EED-92BA-C3BAC6C8904A}"
EndProject
Project("{9A19103F-16F7-4668-BE54-9A1E7A4F7556}") = "EmphatyWave.Web", "EmphatyWave.Web\EmphatyWave.Web.csproj", "{6E574489-7DD6-47A6-B9EF-C368103ABB37}"
EndProject
Project("{2150E333-8FDC-42A3-9474-1A3956D46DE8}") = "src", "src", "{E51EB42F-7E1A-4FBB-A48D-B9F4CCF63BCE}"
EndProject
Project("{2150E333-8FDC-42A3-9474-1A3956D46DE8}") = "Presentation", "Presentation", "{B415C0CA-7745-4A25-B2F4-AEC085DF0388}"
EndProject
Project("{2150E333-8FDC-42A3-9474-1A3956D46DE8}") = "Back-End", "Back-End", "{085BAD47-1CB5-4ECB-8E98-700541880708}"
EndProject
Project("{FAE04EC0-301F-11D3-BF4B-00C04F79EFBC}") = "EmphatyWave.Domain", "EmphatyWave.Domain\EmphatyWave.Domain.csproj", "{54885E21-2089-41F6-AB5A-5F4234432B79}"
EndProject
Project("{FAE04EC0-301F-11D3-BF4B-00C04F79EFBC}") = "EmphatyWave.Persistence", "EmphatyWave\EmphatyWave.Persistence.csproj", "{F937CBD0-D90F-4E2E-AE40-337D37FF9C74}"
EndProject
Global
	GlobalSection(SolutionConfigurationPlatforms) = preSolution
		Debug|Any CPU = Debug|Any CPU
		Release|Any CPU = Release|Any CPU
	EndGlobalSection
	GlobalSection(ProjectConfigurationPlatforms) = postSolution
		{30745526-0382-4874-A941-355A276772AD}.Debug|Any CPU.ActiveCfg = Debug|Any CPU
		{30745526-0382-4874-A941-355A276772AD}.Debug|Any CPU.Build.0 = Debug|Any CPU
		{30745526-0382-4874-A941-355A276772AD}.Release|Any CPU.ActiveCfg = Release|Any CPU
		{30745526-0382-4874-A941-355A276772AD}.Release|Any CPU.Build.0 = Release|Any CPU
		{63486D4A-8AE8-4502-AE92-A7D4F8FEA822}.Debug|Any CPU.ActiveCfg = Debug|Any CPU
		{63486D4A-8AE8-4502-AE92-A7D4F8FEA822}.Debug|Any CPU.Build.0 = Debug|Any CPU
		{63486D4A-8AE8-4502-AE92-A7D4F8FEA822}.Release|Any CPU.ActiveCfg = Release|Any CPU
		{63486D4A-8AE8-4502-AE92-A7D4F8FEA822}.Release|Any CPU.Build.0 = Release|Any CPU
		{15387A16-1A7A-4EED-92BA-C3BAC6C8904A}.Debug|Any CPU.ActiveCfg = Debug|Any CPU
		{15387A16-1A7A-4EED-92BA-C3BAC6C8904A}.Debug|Any CPU.Build.0 = Debug|Any CPU
		{15387A16-1A7A-4EED-92BA-C3BAC6C8904A}.Release|Any CPU.ActiveCfg = Release|Any CPU
		{15387A16-1A7A-4EED-92BA-C3BAC6C8904A}.Release|Any CPU.Build.0 = Release|Any CPU
		{6E574489-7DD6-47A6-B9EF-C368103ABB37}.Debug|Any CPU.ActiveCfg = Debug|Any CPU
		{6E574489-7DD6-47A6-B9EF-C368103ABB37}.Debug|Any CPU.Build.0 = Debug|Any CPU
		{6E574489-7DD6-47A6-B9EF-C368103ABB37}.Release|Any CPU.ActiveCfg = Release|Any CPU
		{6E574489-7DD6-47A6-B9EF-C368103ABB37}.Release|Any CPU.Build.0 = Release|Any CPU
		{54885E21-2089-41F6-AB5A-5F4234432B79}.Debug|Any CPU.ActiveCfg = Debug|Any CPU
		{54885E21-2089-41F6-AB5A-5F4234432B79}.Debug|Any CPU.Build.0 = Debug|Any CPU
		{54885E21-2089-41F6-AB5A-5F4234432B79}.Release|Any CPU.ActiveCfg = Release|Any CPU
		{54885E21-2089-41F6-AB5A-5F4234432B79}.Release|Any CPU.Build.0 = Release|Any CPU
		{F937CBD0-D90F-4E2E-AE40-337D37FF9C74}.Debug|Any CPU.ActiveCfg = Debug|Any CPU
		{F937CBD0-D90F-4E2E-AE40-337D37FF9C74}.Debug|Any CPU.Build.0 = Debug|Any CPU
		{F937CBD0-D90F-4E2E-AE40-337D37FF9C74}.Release|Any CPU.ActiveCfg = Release|Any CPU
		{F937CBD0-D90F-4E2E-AE40-337D37FF9C74}.Release|Any CPU.Build.0 = Release|Any CPU
	EndGlobalSection
	GlobalSection(SolutionProperties) = preSolution
		HideSolutionNode = FALSE
	EndGlobalSection
	GlobalSection(NestedProjects) = preSolution
		{30745526-0382-4874-A941-355A276772AD} = {B415C0CA-7745-4A25-B2F4-AEC085DF0388}
		{63486D4A-8AE8-4502-AE92-A7D4F8FEA822} = {B415C0CA-7745-4A25-B2F4-AEC085DF0388}
		{15387A16-1A7A-4EED-92BA-C3BAC6C8904A} = {B415C0CA-7745-4A25-B2F4-AEC085DF0388}
		{6E574489-7DD6-47A6-B9EF-C368103ABB37} = {B415C0CA-7745-4A25-B2F4-AEC085DF0388}
		{B415C0CA-7745-4A25-B2F4-AEC085DF0388} = {E51EB42F-7E1A-4FBB-A48D-B9F4CCF63BCE}
		{085BAD47-1CB5-4ECB-8E98-700541880708} = {E51EB42F-7E1A-4FBB-A48D-B9F4CCF63BCE}
		{54885E21-2089-41F6-AB5A-5F4234432B79} = {085BAD47-1CB5-4ECB-8E98-700541880708}
		{F937CBD0-D90F-4E2E-AE40-337D37FF9C74} = {085BAD47-1CB5-4ECB-8E98-700541880708}
	EndGlobalSection
	GlobalSection(ExtensibilityGlobals) = postSolution
		SolutionGuid = {D5032FB0-5C2A-430C-B8D1-001D38B1209C}
	EndGlobalSection
EndGlobal
